
Microsoft Visual Studio Solution File, Format Version 12.00
# Visual Studio Version 17
VisualStudioVersion = 17.7.34031.279
MinimumVisualStudioVersion = 10.0.40219.1
Project("{FAE04EC0-301F-11D3-BF4B-00C04F79EFBC}") = "QuanLyNhaHang", "QuanLyNhaHang\QuanLyNhaHang.csproj", "{ED5FB770-0D4D-48E5-8972-D8FE71F9CF0C}"
EndProject
Global
	GlobalSection(SolutionConfigurationPlatforms) = preSolution
		Debug|Any CPU = Debug|Any CPU
		Release|Any CPU = Release|Any CPU
	EndGlobalSection
	GlobalSection(ProjectConfigurationPlatforms) = postSolution
		{ED5FB770-0D4D-48E5-8972-D8FE71F9CF0C}.Debug|Any CPU.ActiveCfg = Debug|Any CPU
		{ED5FB770-0D4D-48E5-8972-D8FE71F9CF0C}.Debug|Any CPU.Build.0 = Debug|Any CPU
		{ED5FB770-0D4D-48E5-8972-D8FE71F9CF0C}.Release|Any CPU.ActiveCfg = Release|Any CPU
		{ED5FB770-0D4D-48E5-8972-D8FE71F9CF0C}.Release|Any CPU.Build.0 = Release|Any CPU
	EndGlobalSection
	GlobalSection(SolutionProperties) = preSolution
		HideSolutionNode = FALSE
	EndGlobalSection
	GlobalSection(ExtensibilityGlobals) = postSolution
		SolutionGuid = {0F6FC060-AA16-4AD0-A7BA-B5CA1D7F3409}
	EndGlobalSection
EndGlobal
